// !$*UTF8*$!
{
	archiveVersion = 1;
	classes = {
	};
	objectVersion = 50;
	objects = {

/* Begin PBXBuildFile section */
		F228AE86250890F800E74F8F /* AppDelegate.swift in Sources */ = {isa = PBXBuildFile; fileRef = F228AE85250890F800E74F8F /* AppDelegate.swift */; };
		F228AE88250890F800E74F8F /* SceneDelegate.swift in Sources */ = {isa = PBXBuildFile; fileRef = F228AE87250890F800E74F8F /* SceneDelegate.swift */; };
		F228AE8A250890F800E74F8F /* ViewController.swift in Sources */ = {isa = PBXBuildFile; fileRef = F228AE89250890F800E74F8F /* ViewController.swift */; };
		F228AE8D250890F800E74F8F /* Main.storyboard in Resources */ = {isa = PBXBuildFile; fileRef = F228AE8B250890F800E74F8F /* Main.storyboard */; };
		F228AE90250890F800E74F8F /* swoosh.xcdatamodeld in Sources */ = {isa = PBXBuildFile; fileRef = F228AE8E250890F800E74F8F /* swoosh.xcdatamodeld */; };
		F228AE92250890FA00E74F8F /* Assets.xcassets in Resources */ = {isa = PBXBuildFile; fileRef = F228AE91250890FA00E74F8F /* Assets.xcassets */; };
		F228AE95250890FA00E74F8F /* LaunchScreen.storyboard in Resources */ = {isa = PBXBuildFile; fileRef = F228AE93250890FA00E74F8F /* LaunchScreen.storyboard */; };
		F228AE9E25089A6700E74F8F /* BorderButton.swift in Sources */ = {isa = PBXBuildFile; fileRef = F228AE9D25089A6700E74F8F /* BorderButton.swift */; };
/* End PBXBuildFile section */

/* Begin PBXFileReference section */
		F228AE82250890F800E74F8F /* swoosh.app */ = {isa = PBXFileReference; explicitFileType = wrapper.application; includeInIndex = 0; path = swoosh.app; sourceTree = BUILT_PRODUCTS_DIR; };
		F228AE85250890F800E74F8F /* AppDelegate.swift */ = {isa = PBXFileReference; lastKnownFileType = sourcecode.swift; path = AppDelegate.swift; sourceTree = "<group>"; };
		F228AE87250890F800E74F8F /* SceneDelegate.swift */ = {isa = PBXFileReference; lastKnownFileType = sourcecode.swift; path = SceneDelegate.swift; sourceTree = "<group>"; };
		F228AE89250890F800E74F8F /* ViewController.swift */ = {isa = PBXFileReference; lastKnownFileType = sourcecode.swift; path = ViewController.swift; sourceTree = "<group>"; };
		F228AE8C250890F800E74F8F /* Base */ = {isa = PBXFileReference; lastKnownFileType = file.storyboard; name = Base; path = Base.lproj/Main.storyboard; sourceTree = "<group>"; };
		F228AE8F250890F800E74F8F /* swoosh.xcdatamodel */ = {isa = PBXFileReference; lastKnownFileType = wrapper.xcdatamodel; path = swoosh.xcdatamodel; sourceTree = "<group>"; };
		F228AE91250890FA00E74F8F /* Assets.xcassets */ = {isa = PBXFileReference; lastKnownFileType = folder.assetcatalog; path = Assets.xcassets; sourceTree = "<group>"; };
		F228AE94250890FA00E74F8F /* Base */ = {isa = PBXFileReference; lastKnownFileType = file.storyboard; name = Base; path = Base.lproj/LaunchScreen.storyboard; sourceTree = "<group>"; };
		F228AE96250890FA00E74F8F /* Info.plist */ = {isa = PBXFileReference; lastKnownFileType = text.plist.xml; path = Info.plist; sourceTree = "<group>"; };
		F228AE9D25089A6700E74F8F /* BorderButton.swift */ = {isa = PBXFileReference; lastKnownFileType = sourcecode.swift; path = BorderButton.swift; sourceTree = "<group>"; };
/* End PBXFileReference section */

/* Begin PBXFrameworksBuildPhase section */
		F228AE7F250890F800E74F8F /* Frameworks */ = {
			isa = PBXFrameworksBuildPhase;
			buildActionMask = 2147483647;
			files = (
			);
			runOnlyForDeploymentPostprocessing = 0;
		};
/* End PBXFrameworksBuildPhase section */

/* Begin PBXGroup section */
		F228AE79250890F800E74F8F = {
			isa = PBXGroup;
			children = (
				F228AE84250890F800E74F8F /* swoosh */,
				F228AE83250890F800E74F8F /* Products */,
			);
			sourceTree = "<group>";
		};
		F228AE83250890F800E74F8F /* Products */ = {
			isa = PBXGroup;
			children = (
				F228AE82250890F800E74F8F /* swoosh.app */,
			);
			name = Products;
			sourceTree = "<group>";
		};
		F228AE84250890F800E74F8F /* swoosh */ = {
			isa = PBXGroup;
			children = (
				F228AE9C25089A3800E74F8F /* Views */,
				F228AE85250890F800E74F8F /* AppDelegate.swift */,
				F228AE87250890F800E74F8F /* SceneDelegate.swift */,
				F228AE89250890F800E74F8F /* ViewController.swift */,
				F228AE8B250890F800E74F8F /* Main.storyboard */,
				F228AE91250890FA00E74F8F /* Assets.xcassets */,
				F228AE93250890FA00E74F8F /* LaunchScreen.storyboard */,
				F228AE96250890FA00E74F8F /* Info.plist */,
				F228AE8E250890F800E74F8F /* swoosh.xcdatamodeld */,
			);
			path = swoosh;
			sourceTree = "<group>";
		};
		F228AE9C25089A3800E74F8F /* Views */ = {
			isa = PBXGroup;
			children = (
				F228AE9D25089A6700E74F8F /* BorderButton.swift */,
			);
			path = Views;
			sourceTree = "<group>";
		};
/* End PBXGroup section */

/* Begin PBXNativeTarget section */
		F228AE81250890F800E74F8F /* swoosh */ = {
			isa = PBXNativeTarget;
			buildConfigurationList = F228AE99250890FA00E74F8F /* Build configuration list for PBXNativeTarget "swoosh" */;
			buildPhases = (
				F228AE7E250890F800E74F8F /* Sources */,
				F228AE7F250890F800E74F8F /* Frameworks */,
				F228AE80250890F800E74F8F /* Resources */,
			);
			buildRules = (
			);
			dependencies = (
			);
			name = swoosh;
			productName = swoosh;
			productReference = F228AE82250890F800E74F8F /* swoosh.app */;
			productType = "com.apple.product-type.application";
		};
/* End PBXNativeTarget section */

/* Begin PBXProject section */
		F228AE7A250890F800E74F8F /* Project object */ = {
			isa = PBXProject;
			attributes = {
				LastSwiftUpdateCheck = 1160;
				LastUpgradeCheck = 1160;
				ORGANIZATIONNAME = "Roman Parajuli";
				TargetAttributes = {
					F228AE81250890F800E74F8F = {
						CreatedOnToolsVersion = 11.6;
					};
				};
			};
			buildConfigurationList = F228AE7D250890F800E74F8F /* Build configuration list for PBXProject "swoosh" */;
			compatibilityVersion = "Xcode 9.3";
			developmentRegion = en;
			hasScannedForEncodings = 0;
			knownRegions = (
				en,
				Base,
			);
			mainGroup = F228AE79250890F800E74F8F;
			productRefGroup = F228AE83250890F800E74F8F /* Products */;
			projectDirPath = "";
			projectRoot = "";
			targets = (
				F228AE81250890F800E74F8F /* swoosh */,
			);
		};
/* End PBXProject section */

/* Begin PBXResourcesBuildPhase section */
		F228AE80250890F800E74F8F /* Resources */ = {
			isa = PBXResourcesBuildPhase;
			buildActionMask = 2147483647;
			files = (
				F228AE95250890FA00E74F8F /* LaunchScreen.storyboard in Resources */,
				F228AE92250890FA00E74F8F /* Assets.xcassets in Resources */,
				F228AE8D250890F800E74F8F /* Main.storyboard in Resources */,
			);
			runOnlyForDeploymentPostprocessing = 0;
		};
/* End PBXResourcesBuildPhase section */

/* Begin PBXSourcesBuildPhase section */
		F228AE7E250890F800E74F8F /* Sources */ = {
			isa = PBXSourcesBuildPhase;
			buildActionMask = 2147483647;
			files = (
				F228AE8A250890F800E74F8F /* ViewController.swift in Sources */,
				F228AE86250890F800E74F8F /* AppDelegate.swift in Sources */,
				F228AE90250890F800E74F8F /* swoosh.xcdatamodeld in Sources */,
				F228AE9E25089A6700E74F8F /* BorderButton.swift in Sources */,
				F228AE88250890F800E74F8F /* SceneDelegate.swift in Sources */,
			);
			runOnlyForDeploymentPostprocessing = 0;
		};
/* End PBXSourcesBuildPhase section */

/* Begin PBXVariantGroup section */
		F228AE8B250890F800E74F8F /* Main.storyboard */ = {
			isa = PBXVariantGroup;
			children = (
				F228AE8C250890F800E74F8F /* Base */,
			);
			name = Main.storyboard;
			sourceTree = "<group>";
		};
		F228AE93250890FA00E74F8F /* LaunchScreen.storyboard */ = {
			isa = PBXVariantGroup;
			children = (
				F228AE94250890FA00E74F8F /* Base */,
			);
			name = LaunchScreen.storyboard;
			sourceTree = "<group>";
		};
/* End PBXVariantGroup section */

/* Begin XCBuildConfiguration section */
		F228AE97250890FA00E74F8F /* Debug */ = {
			isa = XCBuildConfiguration;
			buildSettings = {
				ALWAYS_SEARCH_USER_PATHS = NO;
				CLANG_ANALYZER_NONNULL = YES;
				CLANG_ANALYZER_NUMBER_OBJECT_CONVERSION = YES_AGGRESSIVE;
				CLANG_CXX_LANGUAGE_STANDARD = "gnu++14";
				CLANG_CXX_LIBRARY = "libc++";
				CLANG_ENABLE_MODULES = YES;
				CLANG_ENABLE_OBJC_ARC = YES;
				CLANG_ENABLE_OBJC_WEAK = YES;
				CLANG_WARN_BLOCK_CAPTURE_AUTORELEASING = YES;
				CLANG_WARN_BOOL_CONVERSION = YES;
				CLANG_WARN_COMMA = YES;
				CLANG_WARN_CONSTANT_CONVERSION = YES;
				CLANG_WARN_DEPRECATED_OBJC_IMPLEMENTATIONS = YES;
				CLANG_WARN_DIRECT_OBJC_ISA_USAGE = YES_ERROR;
				CLANG_WARN_DOCUMENTATION_COMMENTS = YES;
				CLANG_WARN_EMPTY_BODY = YES;
				CLANG_WARN_ENUM_CONVERSION = YES;
				CLANG_WARN_INFINITE_RECURSION = YES;
				CLANG_WARN_INT_CONVERSION = YES;
				CLANG_WARN_NON_LITERAL_NULL_CONVERSION = YES;
				CLANG_WARN_OBJC_IMPLICIT_RETAIN_SELF = YES;
				CLANG_WARN_OBJC_LITERAL_CONVERSION = YES;
				CLANG_WARN_OBJC_ROOT_CLASS = YES_ERROR;
				CLANG_WARN_RANGE_LOOP_ANALYSIS = YES;
				CLANG_WARN_STRICT_PROTOTYPES = YES;
				CLANG_WARN_SUSPICIOUS_MOVE = YES;
				CLANG_WARN_UNGUARDED_AVAILABILITY = YES_AGGRESSIVE;
				CLANG_WARN_UNREACHABLE_CODE = YES;
				CLANG_WARN__DUPLICATE_METHOD_MATCH = YES;
				COPY_PHASE_STRIP = NO;
				DEBUG_INFORMATION_FORMAT = dwarf;
				ENABLE_STRICT_OBJC_MSGSEND = YES;
				ENABLE_TESTABILITY = YES;
				GCC_C_LANGUAGE_STANDARD = gnu11;
				GCC_DYNAMIC_NO_PIC = NO;
				GCC_NO_COMMON_BLOCKS = YES;
				GCC_OPTIMIZATION_LEVEL = 0;
				GCC_PREPROCESSOR_DEFINITIONS = (
					"DEBUG=1",
					"$(inherited)",
				);
				GCC_WARN_64_TO_32_BIT_CONVERSION = YES;
				GCC_WARN_ABOUT_RETURN_TYPE = YES_ERROR;
				GCC_WARN_UNDECLARED_SELECTOR = YES;
				GCC_WARN_UNINITIALIZED_AUTOS = YES_AGGRESSIVE;
				GCC_WARN_UNUSED_FUNCTION = YES;
				GCC_WARN_UNUSED_VARIABLE = YES;
				IPHONEOS_DEPLOYMENT_TARGET = 13.6;
				MTL_ENABLE_DEBUG_INFO = INCLUDE_SOURCE;
				MTL_FAST_MATH = YES;
				ONLY_ACTIVE_ARCH = YES;
				SDKROOT = iphoneos;
				SWIFT_ACTIVE_COMPILATION_CONDITIONS = DEBUG;
				SWIFT_OPTIMIZATION_LEVEL = "-Onone";
			};
			name = Debug;
		};
		F228AE98250890FA00E74F8F /* Release */ = {
			isa = XCBuildConfiguration;
			buildSettings = {
				ALWAYS_SEARCH_USER_PATHS = NO;
				CLANG_ANALYZER_NONNULL = YES;
				CLANG_ANALYZER_NUMBER_OBJECT_CONVERSION = YES_AGGRESSIVE;
				CLANG_CXX_LANGUAGE_STANDARD = "gnu++14";
				CLANG_CXX_LIBRARY = "libc++";
				CLANG_ENABLE_MODULES = YES;
				CLANG_ENABLE_OBJC_ARC = YES;
				CLANG_ENABLE_OBJC_WEAK = YES;
				CLANG_WARN_BLOCK_CAPTURE_AUTORELEASING = YES;
				CLANG_WARN_BOOL_CONVERSION = YES;
				CLANG_WARN_COMMA = YES;
				CLANG_WARN_CONSTANT_CONVERSION = YES;
				CLANG_WARN_DEPRECATED_OBJC_IMPLEMENTATIONS = YES;
				CLANG_WARN_DIRECT_OBJC_ISA_USAGE = YES_ERROR;
				CLANG_WARN_DOCUMENTATION_COMMENTS = YES;
				CLANG_WARN_EMPTY_BODY = YES;
				CLANG_WARN_ENUM_CONVERSION = YES;
				CLANG_WARN_INFINITE_RECURSION = YES;
				CLANG_WARN_INT_CONVERSION = YES;
				CLANG_WARN_NON_LITERAL_NULL_CONVERSION = YES;
				CLANG_WARN_OBJC_IMPLICIT_RETAIN_SELF = YES;
				CLANG_WARN_OBJC_LITERAL_CONVERSION = YES;
				CLANG_WARN_OBJC_ROOT_CLASS = YES_ERROR;
				CLANG_WARN_RANGE_LOOP_ANALYSIS = YES;
				CLANG_WARN_STRICT_PROTOTYPES = YES;
				CLANG_WARN_SUSPICIOUS_MOVE = YES;
				CLANG_WARN_UNGUARDED_AVAILABILITY = YES_AGGRESSIVE;
				CLANG_WARN_UNREACHABLE_CODE = YES;
				CLANG_WARN__DUPLICATE_METHOD_MATCH = YES;
				COPY_PHASE_STRIP = NO;
				DEBUG_INFORMATION_FORMAT = "dwarf-with-dsym";
				ENABLE_NS_ASSERTIONS = NO;
				ENABLE_STRICT_OBJC_MSGSEND = YES;
				GCC_C_LANGUAGE_STANDARD = gnu11;
				GCC_NO_COMMON_BLOCKS = YES;
				GCC_WARN_64_TO_32_BIT_CONVERSION = YES;
				GCC_WARN_ABOUT_RETURN_TYPE = YES_ERROR;
				GCC_WARN_UNDECLARED_SELECTOR = YES;
				GCC_WARN_UNINITIALIZED_AUTOS = YES_AGGRESSIVE;
				GCC_WARN_UNUSED_FUNCTION = YES;
				GCC_WARN_UNUSED_VARIABLE = YES;
				IPHONEOS_DEPLOYMENT_TARGET = 13.6;
				MTL_ENABLE_DEBUG_INFO = NO;
				MTL_FAST_MATH = YES;
				SDKROOT = iphoneos;
				SWIFT_COMPILATION_MODE = wholemodule;
				SWIFT_OPTIMIZATION_LEVEL = "-O";
				VALIDATE_PRODUCT = YES;
			};
			name = Release;
		};
		F228AE9A250890FA00E74F8F /* Debug */ = {
			isa = XCBuildConfiguration;
			buildSettings = {
				ASSETCATALOG_COMPILER_APPICON_NAME = AppIcon;
				CODE_SIGN_STYLE = Automatic;
				DEVELOPMENT_TEAM = UKMFG8LZGP;
				INFOPLIST_FILE = swoosh/Info.plist;
				LD_RUNPATH_SEARCH_PATHS = (
					"$(inherited)",
					"@executable_path/Frameworks",
				);
				PRODUCT_BUNDLE_IDENTIFIER = com.notoriousgarage.swoosh;
				PRODUCT_NAME = "$(TARGET_NAME)";
				SWIFT_VERSION = 5.0;
				TARGETED_DEVICE_FAMILY = "1,2";
			};
			name = Debug;
		};
		F228AE9B250890FA00E74F8F /* Release */ = {
			isa = XCBuildConfiguration;
			buildSettings = {
				ASSETCATALOG_COMPILER_APPICON_NAME = AppIcon;
				CODE_SIGN_STYLE = Automatic;
				DEVELOPMENT_TEAM = UKMFG8LZGP;
				INFOPLIST_FILE = swoosh/Info.plist;
				LD_RUNPATH_SEARCH_PATHS = (
					"$(inherited)",
					"@executable_path/Frameworks",
				);
				PRODUCT_BUNDLE_IDENTIFIER = com.notoriousgarage.swoosh;
				PRODUCT_NAME = "$(TARGET_NAME)";
				SWIFT_VERSION = 5.0;
				TARGETED_DEVICE_FAMILY = "1,2";
			};
			name = Release;
		};
/* End XCBuildConfiguration section */

/* Begin XCConfigurationList section */
		F228AE7D250890F800E74F8F /* Build configuration list for PBXProject "swoosh" */ = {
			isa = XCConfigurationList;
			buildConfigurations = (
				F228AE97250890FA00E74F8F /* Debug */,
				F228AE98250890FA00E74F8F /* Release */,
			);
			defaultConfigurationIsVisible = 0;
			defaultConfigurationName = Release;
		};
		F228AE99250890FA00E74F8F /* Build configuration list for PBXNativeTarget "swoosh" */ = {
			isa = XCConfigurationList;
			buildConfigurations = (
				F228AE9A250890FA00E74F8F /* Debug */,
				F228AE9B250890FA00E74F8F /* Release */,
			);
			defaultConfigurationIsVisible = 0;
			defaultConfigurationName = Release;
		};
/* End XCConfigurationList section */

/* Begin XCVersionGroup section */
		F228AE8E250890F800E74F8F /* swoosh.xcdatamodeld */ = {
			isa = XCVersionGroup;
			children = (
				F228AE8F250890F800E74F8F /* swoosh.xcdatamodel */,
			);
			currentVersion = F228AE8F250890F800E74F8F /* swoosh.xcdatamodel */;
			path = swoosh.xcdatamodeld;
			sourceTree = "<group>";
			versionGroupType = wrapper.xcdatamodel;
		};
/* End XCVersionGroup section */
	};
	rootObject = F228AE7A250890F800E74F8F /* Project object */;
}
